<?xml version="1.0" encoding="utf-8"?>
<Project ToolsVersion="4.0" xmlns="http://schemas.microsoft.com/developer/msbuild/2003">
  <ItemGroup>
    <Filter Include="win32">
      <UniqueIdentifier>{84a8ebd7-7cf0-47f6-b75e-d441df67da40}</UniqueIdentifier>
    </Filter>
    <Filter Include="resource">
      <UniqueIdentifier>{715254bc-d70b-4ec5-bf29-467dd3ace079}</UniqueIdentifier>
    </Filter>
    <Filter Include="src">
      <UniqueIdentifier>{bb6c862e-70e9-49d9-81b7-3829a6f50471}</UniqueIdentifier>
    </Filter>
    <Filter Include="BasketballObjects">
      <UniqueIdentifier>{c7f1a33f-9ad1-4b70-a8c5-5354e28799ec}</UniqueIdentifier>
    </Filter>
  </ItemGroup>
  <ItemGroup>
    <ClCompile Include="main.cpp">
      <Filter>win32</Filter>
    </ClCompile>
    <ClCompile Include="..\Classes\AppDelegate.cpp">
      <Filter>src</Filter>
    </ClCompile>
    <ClCompile Include="..\Classes\BSMainScene.cpp">
      <Filter>src</Filter>
    </ClCompile>
    <ClCompile Include="..\Classes\BSSettingScene.cpp">
      <Filter>src</Filter>
    </ClCompile>
    <ClCompile Include="..\Classes\BSGameScene.cpp">
      <Filter>src</Filter>
    </ClCompile>
    <ClCompile Include="..\Classes\BSChooseLevelScene.cpp">
      <Filter>src</Filter>
    </ClCompile>
    <ClCompile Include="..\Classes\BSSplashScene.cpp">
      <Filter>src</Filter>
    </ClCompile>
    <ClCompile Include="..\Classes\BasketballObjects\BOBall.cpp">
      <Filter>BasketballObjects</Filter>
    </ClCompile>
    <ClCompile Include="..\Classes\BasketballObjects\BObject.cpp">
      <Filter>BasketballObjects</Filter>
    </ClCompile>
    <ClCompile Include="..\Classes\BasketballObjects\BOPlank.cpp">
      <Filter>BasketballObjects</Filter>
    </ClCompile>
    <ClCompile Include="..\Classes\BasketballObjects\BOGrid.cpp">
      <Filter>BasketballObjects</Filter>
    </ClCompile>
    <ClCompile Include="..\Classes\BasketballObjects\BOMetalPlank.cpp">
      <Filter>BasketballObjects</Filter>
    </ClCompile>
    <ClCompile Include="..\Classes\BasketballObjects\BORubberPlank.cpp">
      <Filter>BasketballObjects</Filter>
    </ClCompile>
    <ClCompile Include="..\Classes\BasketballObjects\BOWoodenPlank.cpp">
      <Filter>BasketballObjects</Filter>
    </ClCompile>
  </ItemGroup>
  <ItemGroup>
    <ClInclude Include="main.h">
      <Filter>win32</Filter>
    </ClInclude>
    <ClInclude Include="..\Classes\AppDelegate.h">
      <Filter>src</Filter>
    </ClInclude>
    <ClInclude Include="..\Classes\BSMainScene.h">
      <Filter>src</Filter>
    </ClInclude>
    <ClInclude Include="..\Classes\BSSettingScene.h">
      <Filter>src</Filter>
    </ClInclude>
    <ClInclude Include="..\Classes\BSGameScene.h">
      <Filter>src</Filter>
    </ClInclude>
    <ClInclude Include="..\Classes\BSChooseLevelScene.h">
      <Filter>src</Filter>
    </ClInclude>
    <ClInclude Include="..\Classes\Definitions.h">
      <Filter>src</Filter>
    </ClInclude>
    <ClInclude Include="..\Classes\BSSplashScene.h">
      <Filter>src</Filter>
    </ClInclude>
    <ClInclude Include="..\Classes\BasketballObjects\BOBall.h">
      <Filter>BasketballObjects</Filter>
    </ClInclude>
    <ClInclude Include="..\Classes\BasketballObjects\BObject.h">
      <Filter>BasketballObjects</Filter>
    </ClInclude>
    <ClInclude Include="..\Classes\BasketballObjects\BOPlank.h">
      <Filter>BasketballObjects</Filter>
    </ClInclude>
    <ClInclude Include="..\Classes\BasketballObjects\BOGrid.h">
      <Filter>BasketballObjects</Filter>
    </ClInclude>
    <ClInclude Include="..\Classes\BasketballObjects\BOMetalPlank.h">
      <Filter>BasketballObjects</Filter>
    </ClInclude>
    <ClInclude Include="..\Classes\BasketballObjects\BORubberPlank.h">
      <Filter>BasketballObjects</Filter>
    </ClInclude>
    <ClInclude Include="..\Classes\BasketballObjects\BOWoodenPlank.h">
      <Filter>BasketballObjects</Filter>
    </ClInclude>
  </ItemGroup>
  <ItemGroup>
    <ResourceCompile Include="game.rc">
      <Filter>resource</Filter>
    </ResourceCompile>
  </ItemGroup>
</Project>